
Microsoft Visual Studio Solution File, Format Version 12.00
# Visual Studio Version 16
VisualStudioVersion = 16.0.29326.143
MinimumVisualStudioVersion = 10.0.40219.1
Project("{9A19103F-16F7-4668-BE54-9A1E7A4F7556}") = "FactoryPattern", "FactoryPattern\FactoryPattern.csproj", "{1605D3FF-FFB8-4090-971D-D4A94727CB16}"
EndProject
Project("{2150E333-8FDC-42A3-9474-1A3956D46DE8}") = "CreationalPatterns", "CreationalPatterns", "{0DFEB212-3DAC-475B-80CE-284BE9FB75D4}"
EndProject
Project("{2150E333-8FDC-42A3-9474-1A3956D46DE8}") = "StructuralPatterns", "StructuralPatterns", "{84CC74FD-C65B-4039-97DE-9B13E87F0F6B}"
EndProject
Project("{2150E333-8FDC-42A3-9474-1A3956D46DE8}") = "BehavioralPatterns", "BehavioralPatterns", "{47E4C860-5F7E-4454-9452-D1CD20A8D54F}"
EndProject
Project("{9A19103F-16F7-4668-BE54-9A1E7A4F7556}") = "NullObjectPattern", "NullObjectPattern\NullObjectPattern.csproj", "{CD723F76-006D-42F1-A9E7-AF9E5CE344F8}"
EndProject
Project("{9A19103F-16F7-4668-BE54-9A1E7A4F7556}") = "SingletonPattern", "SingletonPattern\SingletonPattern.csproj", "{DDCB8D0D-D6CC-4E73-BF0E-E6E4BA3109BD}"
EndProject
Project("{9A19103F-16F7-4668-BE54-9A1E7A4F7556}") = "FilterPattern", "FilterPattern\FilterPattern.csproj", "{AA9251D8-52F4-4AA1-BB9E-F329BFBA9FAC}"
EndProject
Project("{9A19103F-16F7-4668-BE54-9A1E7A4F7556}") = "BuilderPattern", "BuilderPattern\BuilderPattern.csproj", "{690A727C-459A-40B3-B2C4-095BFC9FFE08}"
EndProject
Project("{9A19103F-16F7-4668-BE54-9A1E7A4F7556}") = "PrototypePattern", "PrototypePattern\PrototypePattern.csproj", "{9C8BE2DC-14D2-4F7E-9330-47E39D03F754}"
EndProject
Project("{FAE04EC0-301F-11D3-BF4B-00C04F79EFBC}") = "AdapterPattern", "AdapterPattern\AdapterPattern.csproj", "{9F3B40BE-8E44-48D0-8C7A-84D9662CEBE1}"
EndProject
Project("{FAE04EC0-301F-11D3-BF4B-00C04F79EFBC}") = "BridgePattern", "BridgePattern\BridgePattern.csproj", "{B6A38A72-9BE2-4A2C-BEFE-39FEE3811E6D}"
EndProject
Project("{FAE04EC0-301F-11D3-BF4B-00C04F79EFBC}") = "ProxyPattern", "ProxyPattern\ProxyPattern.csproj", "{4AE1BCB2-F0E7-4C4E-A7A0-1689805F3EA6}"
EndProject
Project("{FAE04EC0-301F-11D3-BF4B-00C04F79EFBC}") = "CompositePattern", "CompositePattern\CompositePattern.csproj", "{7364803E-6318-4B90-BD6B-F1D084D3D777}"
EndProject
Project("{FAE04EC0-301F-11D3-BF4B-00C04F79EFBC}") = "DecoratorPattern", "DecoratorPattern\DecoratorPattern.csproj", "{9D0C1293-5A19-4AA6-8BD4-9212A5217F2D}"
EndProject
Project("{FAE04EC0-301F-11D3-BF4B-00C04F79EFBC}") = "FacadePattern", "FacadePattern\FacadePattern.csproj", "{C8D0B216-B7CD-4F37-90A0-ABB2A58C1772}"
EndProject
Project("{FAE04EC0-301F-11D3-BF4B-00C04F79EFBC}") = "FlyweightPattern", "FlyweightPattern\FlyweightPattern.csproj", "{CF3AC988-A901-4FDA-A703-736A60DFC1CD}"
EndProject
Global
	GlobalSection(SolutionConfigurationPlatforms) = preSolution
		Debug|Any CPU = Debug|Any CPU
		Release|Any CPU = Release|Any CPU
	EndGlobalSection
	GlobalSection(ProjectConfigurationPlatforms) = postSolution
		{1605D3FF-FFB8-4090-971D-D4A94727CB16}.Debug|Any CPU.ActiveCfg = Debug|Any CPU
		{1605D3FF-FFB8-4090-971D-D4A94727CB16}.Debug|Any CPU.Build.0 = Debug|Any CPU
		{1605D3FF-FFB8-4090-971D-D4A94727CB16}.Release|Any CPU.ActiveCfg = Release|Any CPU
		{1605D3FF-FFB8-4090-971D-D4A94727CB16}.Release|Any CPU.Build.0 = Release|Any CPU
		{CD723F76-006D-42F1-A9E7-AF9E5CE344F8}.Debug|Any CPU.ActiveCfg = Debug|Any CPU
		{CD723F76-006D-42F1-A9E7-AF9E5CE344F8}.Debug|Any CPU.Build.0 = Debug|Any CPU
		{CD723F76-006D-42F1-A9E7-AF9E5CE344F8}.Release|Any CPU.ActiveCfg = Release|Any CPU
		{CD723F76-006D-42F1-A9E7-AF9E5CE344F8}.Release|Any CPU.Build.0 = Release|Any CPU
		{DDCB8D0D-D6CC-4E73-BF0E-E6E4BA3109BD}.Debug|Any CPU.ActiveCfg = Debug|Any CPU
		{DDCB8D0D-D6CC-4E73-BF0E-E6E4BA3109BD}.Debug|Any CPU.Build.0 = Debug|Any CPU
		{DDCB8D0D-D6CC-4E73-BF0E-E6E4BA3109BD}.Release|Any CPU.ActiveCfg = Release|Any CPU
		{DDCB8D0D-D6CC-4E73-BF0E-E6E4BA3109BD}.Release|Any CPU.Build.0 = Release|Any CPU
		{AA9251D8-52F4-4AA1-BB9E-F329BFBA9FAC}.Debug|Any CPU.ActiveCfg = Debug|Any CPU
		{AA9251D8-52F4-4AA1-BB9E-F329BFBA9FAC}.Debug|Any CPU.Build.0 = Debug|Any CPU
		{AA9251D8-52F4-4AA1-BB9E-F329BFBA9FAC}.Release|Any CPU.ActiveCfg = Release|Any CPU
		{AA9251D8-52F4-4AA1-BB9E-F329BFBA9FAC}.Release|Any CPU.Build.0 = Release|Any CPU
		{690A727C-459A-40B3-B2C4-095BFC9FFE08}.Debug|Any CPU.ActiveCfg = Debug|Any CPU
		{690A727C-459A-40B3-B2C4-095BFC9FFE08}.Debug|Any CPU.Build.0 = Debug|Any CPU
		{690A727C-459A-40B3-B2C4-095BFC9FFE08}.Release|Any CPU.ActiveCfg = Release|Any CPU
		{690A727C-459A-40B3-B2C4-095BFC9FFE08}.Release|Any CPU.Build.0 = Release|Any CPU
		{9C8BE2DC-14D2-4F7E-9330-47E39D03F754}.Debug|Any CPU.ActiveCfg = Debug|Any CPU
		{9C8BE2DC-14D2-4F7E-9330-47E39D03F754}.Debug|Any CPU.Build.0 = Debug|Any CPU
		{9C8BE2DC-14D2-4F7E-9330-47E39D03F754}.Release|Any CPU.ActiveCfg = Release|Any CPU
		{9C8BE2DC-14D2-4F7E-9330-47E39D03F754}.Release|Any CPU.Build.0 = Release|Any CPU
		{9F3B40BE-8E44-48D0-8C7A-84D9662CEBE1}.Debug|Any CPU.ActiveCfg = Debug|Any CPU
		{9F3B40BE-8E44-48D0-8C7A-84D9662CEBE1}.Debug|Any CPU.Build.0 = Debug|Any CPU
		{9F3B40BE-8E44-48D0-8C7A-84D9662CEBE1}.Release|Any CPU.ActiveCfg = Release|Any CPU
		{9F3B40BE-8E44-48D0-8C7A-84D9662CEBE1}.Release|Any CPU.Build.0 = Release|Any CPU
		{B6A38A72-9BE2-4A2C-BEFE-39FEE3811E6D}.Debug|Any CPU.ActiveCfg = Debug|Any CPU
		{B6A38A72-9BE2-4A2C-BEFE-39FEE3811E6D}.Debug|Any CPU.Build.0 = Debug|Any CPU
		{B6A38A72-9BE2-4A2C-BEFE-39FEE3811E6D}.Release|Any CPU.ActiveCfg = Release|Any CPU
		{B6A38A72-9BE2-4A2C-BEFE-39FEE3811E6D}.Release|Any CPU.Build.0 = Release|Any CPU
		{4AE1BCB2-F0E7-4C4E-A7A0-1689805F3EA6}.Debug|Any CPU.ActiveCfg = Debug|Any CPU
		{4AE1BCB2-F0E7-4C4E-A7A0-1689805F3EA6}.Debug|Any CPU.Build.0 = Debug|Any CPU
		{4AE1BCB2-F0E7-4C4E-A7A0-1689805F3EA6}.Release|Any CPU.ActiveCfg = Release|Any CPU
		{4AE1BCB2-F0E7-4C4E-A7A0-1689805F3EA6}.Release|Any CPU.Build.0 = Release|Any CPU
		{7364803E-6318-4B90-BD6B-F1D084D3D777}.Debug|Any CPU.ActiveCfg = Debug|Any CPU
		{7364803E-6318-4B90-BD6B-F1D084D3D777}.Debug|Any CPU.Build.0 = Debug|Any CPU
		{7364803E-6318-4B90-BD6B-F1D084D3D777}.Release|Any CPU.ActiveCfg = Release|Any CPU
		{7364803E-6318-4B90-BD6B-F1D084D3D777}.Release|Any CPU.Build.0 = Release|Any CPU
		{9D0C1293-5A19-4AA6-8BD4-9212A5217F2D}.Debug|Any CPU.ActiveCfg = Debug|Any CPU
		{9D0C1293-5A19-4AA6-8BD4-9212A5217F2D}.Debug|Any CPU.Build.0 = Debug|Any CPU
		{9D0C1293-5A19-4AA6-8BD4-9212A5217F2D}.Release|Any CPU.ActiveCfg = Release|Any CPU
		{9D0C1293-5A19-4AA6-8BD4-9212A5217F2D}.Release|Any CPU.Build.0 = Release|Any CPU
		{C8D0B216-B7CD-4F37-90A0-ABB2A58C1772}.Debug|Any CPU.ActiveCfg = Debug|Any CPU
		{C8D0B216-B7CD-4F37-90A0-ABB2A58C1772}.Debug|Any CPU.Build.0 = Debug|Any CPU
		{C8D0B216-B7CD-4F37-90A0-ABB2A58C1772}.Release|Any CPU.ActiveCfg = Release|Any CPU
		{C8D0B216-B7CD-4F37-90A0-ABB2A58C1772}.Release|Any CPU.Build.0 = Release|Any CPU
		{CF3AC988-A901-4FDA-A703-736A60DFC1CD}.Debug|Any CPU.ActiveCfg = Debug|Any CPU
		{CF3AC988-A901-4FDA-A703-736A60DFC1CD}.Debug|Any CPU.Build.0 = Debug|Any CPU
		{CF3AC988-A901-4FDA-A703-736A60DFC1CD}.Release|Any CPU.ActiveCfg = Release|Any CPU
		{CF3AC988-A901-4FDA-A703-736A60DFC1CD}.Release|Any CPU.Build.0 = Release|Any CPU
	EndGlobalSection
	GlobalSection(SolutionProperties) = preSolution
		HideSolutionNode = FALSE
	EndGlobalSection
	GlobalSection(NestedProjects) = preSolution
		{1605D3FF-FFB8-4090-971D-D4A94727CB16} = {0DFEB212-3DAC-475B-80CE-284BE9FB75D4}
		{CD723F76-006D-42F1-A9E7-AF9E5CE344F8} = {47E4C860-5F7E-4454-9452-D1CD20A8D54F}
		{DDCB8D0D-D6CC-4E73-BF0E-E6E4BA3109BD} = {0DFEB212-3DAC-475B-80CE-284BE9FB75D4}
		{AA9251D8-52F4-4AA1-BB9E-F329BFBA9FAC} = {84CC74FD-C65B-4039-97DE-9B13E87F0F6B}
		{690A727C-459A-40B3-B2C4-095BFC9FFE08} = {0DFEB212-3DAC-475B-80CE-284BE9FB75D4}
		{9C8BE2DC-14D2-4F7E-9330-47E39D03F754} = {0DFEB212-3DAC-475B-80CE-284BE9FB75D4}
		{9F3B40BE-8E44-48D0-8C7A-84D9662CEBE1} = {84CC74FD-C65B-4039-97DE-9B13E87F0F6B}
		{B6A38A72-9BE2-4A2C-BEFE-39FEE3811E6D} = {84CC74FD-C65B-4039-97DE-9B13E87F0F6B}
		{4AE1BCB2-F0E7-4C4E-A7A0-1689805F3EA6} = {84CC74FD-C65B-4039-97DE-9B13E87F0F6B}
		{7364803E-6318-4B90-BD6B-F1D084D3D777} = {84CC74FD-C65B-4039-97DE-9B13E87F0F6B}
		{9D0C1293-5A19-4AA6-8BD4-9212A5217F2D} = {84CC74FD-C65B-4039-97DE-9B13E87F0F6B}
		{C8D0B216-B7CD-4F37-90A0-ABB2A58C1772} = {84CC74FD-C65B-4039-97DE-9B13E87F0F6B}
		{CF3AC988-A901-4FDA-A703-736A60DFC1CD} = {84CC74FD-C65B-4039-97DE-9B13E87F0F6B}
	EndGlobalSection
	GlobalSection(ExtensibilityGlobals) = postSolution
		SolutionGuid = {867B92A2-F79D-4715-9CE7-51D4FB777A78}
	EndGlobalSection
EndGlobal
